
Microsoft Visual Studio Solution File, Format Version 12.00
# Visual Studio 15
VisualStudioVersion = 15.0.26124.0
MinimumVisualStudioVersion = 15.0.26124.0
Project("{FAE04EC0-301F-11D3-BF4B-00C04F79EFBC}") = "kata-magic-year-calculator", "kata-magic-year-calculator\kata-magic-year-calculator.csproj", "{7204BDB3-03A3-41D0-8EF4-4B37B24A8376}"
EndProject
Project("{FAE04EC0-301F-11D3-BF4B-00C04F79EFBC}") = "kata-magic-year-calculator.Tests", "kata-magic-year-calculator.Tests\kata-magic-year-calculator.Tests.csproj", "{43E46DFE-9126-4DB3-A630-C41B58629642}"
EndProject
Global
	GlobalSection(SolutionConfigurationPlatforms) = preSolution
		Debug|Any CPU = Debug|Any CPU
		Debug|x64 = Debug|x64
		Debug|x86 = Debug|x86
		Release|Any CPU = Release|Any CPU
		Release|x64 = Release|x64
		Release|x86 = Release|x86
	EndGlobalSection
	GlobalSection(SolutionProperties) = preSolution
		HideSolutionNode = FALSE
	EndGlobalSection
	GlobalSection(ProjectConfigurationPlatforms) = postSolution
		{7204BDB3-03A3-41D0-8EF4-4B37B24A8376}.Debug|Any CPU.ActiveCfg = Debug|Any CPU
		{7204BDB3-03A3-41D0-8EF4-4B37B24A8376}.Debug|Any CPU.Build.0 = Debug|Any CPU
		{7204BDB3-03A3-41D0-8EF4-4B37B24A8376}.Debug|x64.ActiveCfg = Debug|Any CPU
		{7204BDB3-03A3-41D0-8EF4-4B37B24A8376}.Debug|x64.Build.0 = Debug|Any CPU
		{7204BDB3-03A3-41D0-8EF4-4B37B24A8376}.Debug|x86.ActiveCfg = Debug|Any CPU
		{7204BDB3-03A3-41D0-8EF4-4B37B24A8376}.Debug|x86.Build.0 = Debug|Any CPU
		{7204BDB3-03A3-41D0-8EF4-4B37B24A8376}.Release|Any CPU.ActiveCfg = Release|Any CPU
		{7204BDB3-03A3-41D0-8EF4-4B37B24A8376}.Release|Any CPU.Build.0 = Release|Any CPU
		{7204BDB3-03A3-41D0-8EF4-4B37B24A8376}.Release|x64.ActiveCfg = Release|Any CPU
		{7204BDB3-03A3-41D0-8EF4-4B37B24A8376}.Release|x64.Build.0 = Release|Any CPU
		{7204BDB3-03A3-41D0-8EF4-4B37B24A8376}.Release|x86.ActiveCfg = Release|Any CPU
		{7204BDB3-03A3-41D0-8EF4-4B37B24A8376}.Release|x86.Build.0 = Release|Any CPU
		{43E46DFE-9126-4DB3-A630-C41B58629642}.Debug|Any CPU.ActiveCfg = Debug|Any CPU
		{43E46DFE-9126-4DB3-A630-C41B58629642}.Debug|Any CPU.Build.0 = Debug|Any CPU
		{43E46DFE-9126-4DB3-A630-C41B58629642}.Debug|x64.ActiveCfg = Debug|Any CPU
		{43E46DFE-9126-4DB3-A630-C41B58629642}.Debug|x64.Build.0 = Debug|Any CPU
		{43E46DFE-9126-4DB3-A630-C41B58629642}.Debug|x86.ActiveCfg = Debug|Any CPU
		{43E46DFE-9126-4DB3-A630-C41B58629642}.Debug|x86.Build.0 = Debug|Any CPU
		{43E46DFE-9126-4DB3-A630-C41B58629642}.Release|Any CPU.ActiveCfg = Release|Any CPU
		{43E46DFE-9126-4DB3-A630-C41B58629642}.Release|Any CPU.Build.0 = Release|Any CPU
		{43E46DFE-9126-4DB3-A630-C41B58629642}.Release|x64.ActiveCfg = Release|Any CPU
		{43E46DFE-9126-4DB3-A630-C41B58629642}.Release|x64.Build.0 = Release|Any CPU
		{43E46DFE-9126-4DB3-A630-C41B58629642}.Release|x86.ActiveCfg = Release|Any CPU
		{43E46DFE-9126-4DB3-A630-C41B58629642}.Release|x86.Build.0 = Release|Any CPU
	EndGlobalSection
EndGlobal
